// !$*UTF8*$!
{
	archiveVersion = 1;
	classes = {
	};
	objectVersion = 56;
	objects = {

/* Begin PBXBuildFile section */
		015BF9882B8905DB0012C4D9 /* SnapCanvasApp.swift in Sources */ = {isa = PBXBuildFile; fileRef = 015BF9872B8905DB0012C4D9 /* SnapCanvasApp.swift */; };
		015BF98A2B8905DB0012C4D9 /* ContentView.swift in Sources */ = {isa = PBXBuildFile; fileRef = 015BF9892B8905DB0012C4D9 /* ContentView.swift */; };
		015BF98C2B8905E00012C4D9 /* Assets.xcassets in Resources */ = {isa = PBXBuildFile; fileRef = 015BF98B2B8905E00012C4D9 /* Assets.xcassets */; };
		015BF98F2B8905E00012C4D9 /* Preview Assets.xcassets in Resources */ = {isa = PBXBuildFile; fileRef = 015BF98E2B8905E00012C4D9 /* Preview Assets.xcassets */; };
		015BF9992B8905E30012C4D9 /* SnapCanvasTests.swift in Sources */ = {isa = PBXBuildFile; fileRef = 015BF9982B8905E30012C4D9 /* SnapCanvasTests.swift */; };
		015BF9A32B8905E30012C4D9 /* SnapCanvasUITests.swift in Sources */ = {isa = PBXBuildFile; fileRef = 015BF9A22B8905E30012C4D9 /* SnapCanvasUITests.swift */; };
		015BF9A52B8905E30012C4D9 /* SnapCanvasUITestsLaunchTests.swift in Sources */ = {isa = PBXBuildFile; fileRef = 015BF9A42B8905E30012C4D9 /* SnapCanvasUITestsLaunchTests.swift */; };
		015BF9B22B8911230012C4D9 /* CanvasViewModel.swift in Sources */ = {isa = PBXBuildFile; fileRef = 015BF9B12B8911230012C4D9 /* CanvasViewModel.swift */; };
		015C4D3B2B89FF54002D306B /* Extension.swift in Sources */ = {isa = PBXBuildFile; fileRef = 015C4D3A2B89FF54002D306B /* Extension.swift */; };
		015C4D3F2B8A1D20002D306B /* BottomSheetViewModel.swift in Sources */ = {isa = PBXBuildFile; fileRef = 015C4D3E2B8A1D20002D306B /* BottomSheetViewModel.swift */; };
		015C4D412B8A2929002D306B /* BottomSheetView.swift in Sources */ = {isa = PBXBuildFile; fileRef = 015C4D402B8A2929002D306B /* BottomSheetView.swift */; };
		015C4D5A2B8B5596002D306B /* Networking in Frameworks */ = {isa = PBXBuildFile; productRef = 015C4D592B8B5596002D306B /* Networking */; };
		015C4D5C2B8B5596002D306B /* NetworkingInterface in Frameworks */ = {isa = PBXBuildFile; productRef = 015C4D5B2B8B5596002D306B /* NetworkingInterface */; };
		015C4D5E2B8B5EA4002D306B /* OverlayServiceProtocol.swift in Sources */ = {isa = PBXBuildFile; fileRef = 015C4D5D2B8B5EA4002D306B /* OverlayServiceProtocol.swift */; };
		015C4D632B8B61CF002D306B /* OverlayModel.swift in Sources */ = {isa = PBXBuildFile; fileRef = 015C4D622B8B61CF002D306B /* OverlayModel.swift */; };
		015C4D662B8B6220002D306B /* OverlayServiceRouter.swift in Sources */ = {isa = PBXBuildFile; fileRef = 015C4D652B8B6220002D306B /* OverlayServiceRouter.swift */; };
		015C4D682B8B63C8002D306B /* OverlayDataProvider.swift in Sources */ = {isa = PBXBuildFile; fileRef = 015C4D672B8B63C8002D306B /* OverlayDataProvider.swift */; };
		01A726932B8B669C0079C197 /* spm-modules in Resources */ = {isa = PBXBuildFile; fileRef = 01A726922B8B669C0079C197 /* spm-modules */; };
		01A7269D2B8B778D0079C197 /* OverlayCollectionViewController.swift in Sources */ = {isa = PBXBuildFile; fileRef = 01A7269C2B8B778C0079C197 /* OverlayCollectionViewController.swift */; };
		01A7269F2B8B78B50079C197 /* OverlayCollectionViewDatasource.swift in Sources */ = {isa = PBXBuildFile; fileRef = 01A7269E2B8B78B50079C197 /* OverlayCollectionViewDatasource.swift */; };
		01A726A42B8B7BBA0079C197 /* OverlayCell.swift in Sources */ = {isa = PBXBuildFile; fileRef = 01A726A32B8B7BBA0079C197 /* OverlayCell.swift */; };
		01A726A62B8B819E0079C197 /* OverlaysViewModel.swift in Sources */ = {isa = PBXBuildFile; fileRef = 01A726A52B8B819E0079C197 /* OverlaysViewModel.swift */; };
		01A726AB2B8BB1370079C197 /* SwiftUIComponents in Frameworks */ = {isa = PBXBuildFile; productRef = 01A726AA2B8BB1370079C197 /* SwiftUIComponents */; };
		01A769912B8BB3B900D8EE48 /* NetworkLogger.swift in Sources */ = {isa = PBXBuildFile; fileRef = 01A769902B8BB3B900D8EE48 /* NetworkLogger.swift */; };
		01A769932B8BEC5200D8EE48 /* ImagesToAddModel.swift in Sources */ = {isa = PBXBuildFile; fileRef = 01A769922B8BEC5200D8EE48 /* ImagesToAddModel.swift */; };
		01A769972B8E1A1400D8EE48 /* ScrollingCanvasView.swift in Sources */ = {isa = PBXBuildFile; fileRef = 01A769962B8E1A1400D8EE48 /* ScrollingCanvasView.swift */; };
		01A769992B8F414400D8EE48 /* CustomImageView.swift in Sources */ = {isa = PBXBuildFile; fileRef = 01A769982B8F414400D8EE48 /* CustomImageView.swift */; };
		01EF485A2B8FE2E90046F498 /* CanvasView.swift in Sources */ = {isa = PBXBuildFile; fileRef = 01EF48592B8FE2E90046F498 /* CanvasView.swift */; };
/* End PBXBuildFile section */

/* Begin PBXContainerItemProxy section */
		015BF9952B8905E30012C4D9 /* PBXContainerItemProxy */ = {
			isa = PBXContainerItemProxy;
			containerPortal = 015BF97C2B8905DB0012C4D9 /* Project object */;
			proxyType = 1;
			remoteGlobalIDString = 015BF9832B8905DB0012C4D9;
			remoteInfo = SnapCanvas;
		};
		015BF99F2B8905E30012C4D9 /* PBXContainerItemProxy */ = {
			isa = PBXContainerItemProxy;
			containerPortal = 015BF97C2B8905DB0012C4D9 /* Project object */;
			proxyType = 1;
			remoteGlobalIDString = 015BF9832B8905DB0012C4D9;
			remoteInfo = SnapCanvas;
		};
/* End PBXContainerItemProxy section */

/* Begin PBXFileReference section */
		015BF9842B8905DB0012C4D9 /* SnapCanvas.app */ = {isa = PBXFileReference; explicitFileType = wrapper.application; includeInIndex = 0; path = SnapCanvas.app; sourceTree = BUILT_PRODUCTS_DIR; };
		015BF9872B8905DB0012C4D9 /* SnapCanvasApp.swift */ = {isa = PBXFileReference; lastKnownFileType = sourcecode.swift; path = SnapCanvasApp.swift; sourceTree = "<group>"; };
		015BF9892B8905DB0012C4D9 /* ContentView.swift */ = {isa = PBXFileReference; lastKnownFileType = sourcecode.swift; path = ContentView.swift; sourceTree = "<group>"; };
		015BF98B2B8905E00012C4D9 /* Assets.xcassets */ = {isa = PBXFileReference; lastKnownFileType = folder.assetcatalog; path = Assets.xcassets; sourceTree = "<group>"; };
		015BF98E2B8905E00012C4D9 /* Preview Assets.xcassets */ = {isa = PBXFileReference; lastKnownFileType = folder.assetcatalog; path = "Preview Assets.xcassets"; sourceTree = "<group>"; };
		015BF9942B8905E30012C4D9 /* SnapCanvasTests.xctest */ = {isa = PBXFileReference; explicitFileType = wrapper.cfbundle; includeInIndex = 0; path = SnapCanvasTests.xctest; sourceTree = BUILT_PRODUCTS_DIR; };
		015BF9982B8905E30012C4D9 /* SnapCanvasTests.swift */ = {isa = PBXFileReference; lastKnownFileType = sourcecode.swift; path = SnapCanvasTests.swift; sourceTree = "<group>"; };
		015BF99E2B8905E30012C4D9 /* SnapCanvasUITests.xctest */ = {isa = PBXFileReference; explicitFileType = wrapper.cfbundle; includeInIndex = 0; path = SnapCanvasUITests.xctest; sourceTree = BUILT_PRODUCTS_DIR; };
		015BF9A22B8905E30012C4D9 /* SnapCanvasUITests.swift */ = {isa = PBXFileReference; lastKnownFileType = sourcecode.swift; path = SnapCanvasUITests.swift; sourceTree = "<group>"; };
		015BF9A42B8905E30012C4D9 /* SnapCanvasUITestsLaunchTests.swift */ = {isa = PBXFileReference; lastKnownFileType = sourcecode.swift; path = SnapCanvasUITestsLaunchTests.swift; sourceTree = "<group>"; };
		015BF9B12B8911230012C4D9 /* CanvasViewModel.swift */ = {isa = PBXFileReference; lastKnownFileType = sourcecode.swift; path = CanvasViewModel.swift; sourceTree = "<group>"; };
		015C4D3A2B89FF54002D306B /* Extension.swift */ = {isa = PBXFileReference; lastKnownFileType = sourcecode.swift; path = Extension.swift; sourceTree = "<group>"; };
		015C4D3E2B8A1D20002D306B /* BottomSheetViewModel.swift */ = {isa = PBXFileReference; lastKnownFileType = sourcecode.swift; path = BottomSheetViewModel.swift; sourceTree = "<group>"; };
		015C4D402B8A2929002D306B /* BottomSheetView.swift */ = {isa = PBXFileReference; lastKnownFileType = sourcecode.swift; path = BottomSheetView.swift; sourceTree = "<group>"; };
		015C4D5D2B8B5EA4002D306B /* OverlayServiceProtocol.swift */ = {isa = PBXFileReference; lastKnownFileType = sourcecode.swift; path = OverlayServiceProtocol.swift; sourceTree = "<group>"; };
		015C4D622B8B61CF002D306B /* OverlayModel.swift */ = {isa = PBXFileReference; fileEncoding = 4; lastKnownFileType = sourcecode.swift; path = OverlayModel.swift; sourceTree = "<group>"; };
		015C4D652B8B6220002D306B /* OverlayServiceRouter.swift */ = {isa = PBXFileReference; lastKnownFileType = sourcecode.swift; path = OverlayServiceRouter.swift; sourceTree = "<group>"; };
		015C4D672B8B63C8002D306B /* OverlayDataProvider.swift */ = {isa = PBXFileReference; lastKnownFileType = sourcecode.swift; path = OverlayDataProvider.swift; sourceTree = "<group>"; };
		01A726922B8B669C0079C197 /* spm-modules */ = {isa = PBXFileReference; lastKnownFileType = wrapper; path = "spm-modules"; sourceTree = "<group>"; };
		01A7269C2B8B778C0079C197 /* OverlayCollectionViewController.swift */ = {isa = PBXFileReference; lastKnownFileType = sourcecode.swift; path = OverlayCollectionViewController.swift; sourceTree = "<group>"; };
		01A7269E2B8B78B50079C197 /* OverlayCollectionViewDatasource.swift */ = {isa = PBXFileReference; lastKnownFileType = sourcecode.swift; path = OverlayCollectionViewDatasource.swift; sourceTree = "<group>"; };
		01A726A32B8B7BBA0079C197 /* OverlayCell.swift */ = {isa = PBXFileReference; lastKnownFileType = sourcecode.swift; path = OverlayCell.swift; sourceTree = "<group>"; };
		01A726A52B8B819E0079C197 /* OverlaysViewModel.swift */ = {isa = PBXFileReference; lastKnownFileType = sourcecode.swift; path = OverlaysViewModel.swift; sourceTree = "<group>"; };
		01A769902B8BB3B900D8EE48 /* NetworkLogger.swift */ = {isa = PBXFileReference; lastKnownFileType = sourcecode.swift; path = NetworkLogger.swift; sourceTree = "<group>"; };
		01A769922B8BEC5200D8EE48 /* ImagesToAddModel.swift */ = {isa = PBXFileReference; lastKnownFileType = sourcecode.swift; path = ImagesToAddModel.swift; sourceTree = "<group>"; };
		01A769962B8E1A1400D8EE48 /* ScrollingCanvasView.swift */ = {isa = PBXFileReference; lastKnownFileType = sourcecode.swift; path = ScrollingCanvasView.swift; sourceTree = "<group>"; };
		01A769982B8F414400D8EE48 /* CustomImageView.swift */ = {isa = PBXFileReference; lastKnownFileType = sourcecode.swift; path = CustomImageView.swift; sourceTree = "<group>"; };
		01EF48592B8FE2E90046F498 /* CanvasView.swift */ = {isa = PBXFileReference; lastKnownFileType = sourcecode.swift; path = CanvasView.swift; sourceTree = "<group>"; };
/* End PBXFileReference section */

/* Begin PBXFrameworksBuildPhase section */
		015BF9812B8905DB0012C4D9 /* Frameworks */ = {
			isa = PBXFrameworksBuildPhase;
			buildActionMask = 2147483647;
			files = (
				015C4D5C2B8B5596002D306B /* NetworkingInterface in Frameworks */,
				015C4D5A2B8B5596002D306B /* Networking in Frameworks */,
				01A726AB2B8BB1370079C197 /* SwiftUIComponents in Frameworks */,
			);
			runOnlyForDeploymentPostprocessing = 0;
		};
		015BF9912B8905E30012C4D9 /* Frameworks */ = {
			isa = PBXFrameworksBuildPhase;
			buildActionMask = 2147483647;
			files = (
			);
			runOnlyForDeploymentPostprocessing = 0;
		};
		015BF99B2B8905E30012C4D9 /* Frameworks */ = {
			isa = PBXFrameworksBuildPhase;
			buildActionMask = 2147483647;
			files = (
			);
			runOnlyForDeploymentPostprocessing = 0;
		};
/* End PBXFrameworksBuildPhase section */

/* Begin PBXGroup section */
		015BF97B2B8905DB0012C4D9 = {
			isa = PBXGroup;
			children = (
				015BF9862B8905DB0012C4D9 /* SnapCanvas */,
				015BF9972B8905E30012C4D9 /* SnapCanvasTests */,
				015BF9A12B8905E30012C4D9 /* SnapCanvasUITests */,
				015BF9852B8905DB0012C4D9 /* Products */,
				015C4D522B8A58A5002D306B /* Frameworks */,
			);
			sourceTree = "<group>";
		};
		015BF9852B8905DB0012C4D9 /* Products */ = {
			isa = PBXGroup;
			children = (
				015BF9842B8905DB0012C4D9 /* SnapCanvas.app */,
				015BF9942B8905E30012C4D9 /* SnapCanvasTests.xctest */,
				015BF99E2B8905E30012C4D9 /* SnapCanvasUITests.xctest */,
			);
			name = Products;
			sourceTree = "<group>";
		};
		015BF9862B8905DB0012C4D9 /* SnapCanvas */ = {
			isa = PBXGroup;
			children = (
				01A726922B8B669C0079C197 /* spm-modules */,
				01A7269A2B8B75A60079C197 /* App */,
				01A726992B8B75830079C197 /* Supporting Files */,
				015BF98D2B8905E00012C4D9 /* Preview Content */,
			);
			path = SnapCanvas;
			sourceTree = "<group>";
		};
		015BF98D2B8905E00012C4D9 /* Preview Content */ = {
			isa = PBXGroup;
			children = (
				015BF98E2B8905E00012C4D9 /* Preview Assets.xcassets */,
			);
			path = "Preview Content";
			sourceTree = "<group>";
		};
		015BF9972B8905E30012C4D9 /* SnapCanvasTests */ = {
			isa = PBXGroup;
			children = (
				015BF9982B8905E30012C4D9 /* SnapCanvasTests.swift */,
			);
			path = SnapCanvasTests;
			sourceTree = "<group>";
		};
		015BF9A12B8905E30012C4D9 /* SnapCanvasUITests */ = {
			isa = PBXGroup;
			children = (
				015BF9A22B8905E30012C4D9 /* SnapCanvasUITests.swift */,
				015BF9A42B8905E30012C4D9 /* SnapCanvasUITestsLaunchTests.swift */,
				015C4D3A2B89FF54002D306B /* Extension.swift */,
			);
			path = SnapCanvasUITests;
			sourceTree = "<group>";
		};
		015C4D422B8A2936002D306B /* BottomSheet */ = {
			isa = PBXGroup;
			children = (
				015C4D402B8A2929002D306B /* BottomSheetView.swift */,
				015C4D3E2B8A1D20002D306B /* BottomSheetViewModel.swift */,
			);
			path = BottomSheet;
			sourceTree = "<group>";
		};
		015C4D4C2B8A5607002D306B /* Service */ = {
			isa = PBXGroup;
			children = (
				015C4D5D2B8B5EA4002D306B /* OverlayServiceProtocol.swift */,
				015C4D642B8B620B002D306B /* Network */,
				01A769902B8BB3B900D8EE48 /* NetworkLogger.swift */,
			);
			path = Service;
			sourceTree = "<group>";
		};
		015C4D522B8A58A5002D306B /* Frameworks */ = {
			isa = PBXGroup;
			children = (
			);
			name = Frameworks;
			sourceTree = "<group>";
		};
		015C4D612B8B616E002D306B /* Model */ = {
			isa = PBXGroup;
			children = (
				015C4D622B8B61CF002D306B /* OverlayModel.swift */,
			);
			path = Model;
			sourceTree = "<group>";
		};
		015C4D642B8B620B002D306B /* Network */ = {
			isa = PBXGroup;
			children = (
				015C4D652B8B6220002D306B /* OverlayServiceRouter.swift */,
				015C4D672B8B63C8002D306B /* OverlayDataProvider.swift */,
			);
			path = Network;
			sourceTree = "<group>";
		};
		01A726962B8B681D0079C197 /* Canvas */ = {
			isa = PBXGroup;
			children = (
				01EF485B2B8FE3350046F498 /* View */,
				01EF485C2B8FE34B0046F498 /* ViewModel */,
			);
			path = Canvas;
			sourceTree = "<group>";
		};
		01A726992B8B75830079C197 /* Supporting Files */ = {
			isa = PBXGroup;
			children = (
				015BF98B2B8905E00012C4D9 /* Assets.xcassets */,
			);
			path = "Supporting Files";
			sourceTree = "<group>";
		};
		01A7269A2B8B75A60079C197 /* App */ = {
			isa = PBXGroup;
			children = (
				015BF9872B8905DB0012C4D9 /* SnapCanvasApp.swift */,
				015BF9892B8905DB0012C4D9 /* ContentView.swift */,
				01A726962B8B681D0079C197 /* Canvas */,
				015C4D422B8A2936002D306B /* BottomSheet */,
				01A7269B2B8B77210079C197 /* OverlayCollectionView */,
				01A726A02B8B78BC0079C197 /* Utilities */,
			);
			path = App;
			sourceTree = "<group>";
		};
		01A7269B2B8B77210079C197 /* OverlayCollectionView */ = {
			isa = PBXGroup;
			children = (
				01EF485D2B8FE3690046F498 /* View */,
				01EF485E2B8FE3720046F498 /* ViewModel */,
			);
			path = OverlayCollectionView;
			sourceTree = "<group>";
		};
		01A726A02B8B78BC0079C197 /* Utilities */ = {
			isa = PBXGroup;
			children = (
				01A769922B8BEC5200D8EE48 /* ImagesToAddModel.swift */,
				015C4D4C2B8A5607002D306B /* Service */,
				015C4D612B8B616E002D306B /* Model */,
			);
			path = Utilities;
			sourceTree = "<group>";
		};
		01EF485B2B8FE3350046F498 /* View */ = {
			isa = PBXGroup;
			children = (
				01A769962B8E1A1400D8EE48 /* ScrollingCanvasView.swift */,
				01EF48592B8FE2E90046F498 /* CanvasView.swift */,
				01A769982B8F414400D8EE48 /* CustomImageView.swift */,
			);
			path = View;
			sourceTree = "<group>";
		};
		01EF485C2B8FE34B0046F498 /* ViewModel */ = {
			isa = PBXGroup;
			children = (
				015BF9B12B8911230012C4D9 /* CanvasViewModel.swift */,
			);
			path = ViewModel;
			sourceTree = "<group>";
		};
		01EF485D2B8FE3690046F498 /* View */ = {
			isa = PBXGroup;
			children = (
				01A7269C2B8B778C0079C197 /* OverlayCollectionViewController.swift */,
				01A726A32B8B7BBA0079C197 /* OverlayCell.swift */,
			);
			path = View;
			sourceTree = "<group>";
		};
		01EF485E2B8FE3720046F498 /* ViewModel */ = {
			isa = PBXGroup;
			children = (
				01A726A52B8B819E0079C197 /* OverlaysViewModel.swift */,
				01A7269E2B8B78B50079C197 /* OverlayCollectionViewDatasource.swift */,
			);
			path = ViewModel;
			sourceTree = "<group>";
		};
/* End PBXGroup section */

/* Begin PBXNativeTarget section */
		015BF9832B8905DB0012C4D9 /* SnapCanvas */ = {
			isa = PBXNativeTarget;
			buildConfigurationList = 015BF9A82B8905E30012C4D9 /* Build configuration list for PBXNativeTarget "SnapCanvas" */;
			buildPhases = (
				015BF9802B8905DB0012C4D9 /* Sources */,
				015BF9812B8905DB0012C4D9 /* Frameworks */,
				015BF9822B8905DB0012C4D9 /* Resources */,
			);
			buildRules = (
			);
			dependencies = (
			);
			name = SnapCanvas;
			packageProductDependencies = (
				015C4D592B8B5596002D306B /* Networking */,
				015C4D5B2B8B5596002D306B /* NetworkingInterface */,
				01A726AA2B8BB1370079C197 /* SwiftUIComponents */,
			);
			productName = SnapCanvas;
			productReference = 015BF9842B8905DB0012C4D9 /* SnapCanvas.app */;
			productType = "com.apple.product-type.application";
		};
		015BF9932B8905E30012C4D9 /* SnapCanvasTests */ = {
			isa = PBXNativeTarget;
			buildConfigurationList = 015BF9AB2B8905E30012C4D9 /* Build configuration list for PBXNativeTarget "SnapCanvasTests" */;
			buildPhases = (
				015BF9902B8905E30012C4D9 /* Sources */,
				015BF9912B8905E30012C4D9 /* Frameworks */,
				015BF9922B8905E30012C4D9 /* Resources */,
			);
			buildRules = (
			);
			dependencies = (
				015BF9962B8905E30012C4D9 /* PBXTargetDependency */,
			);
			name = SnapCanvasTests;
			productName = SnapCanvasTests;
			productReference = 015BF9942B8905E30012C4D9 /* SnapCanvasTests.xctest */;
			productType = "com.apple.product-type.bundle.unit-test";
		};
		015BF99D2B8905E30012C4D9 /* SnapCanvasUITests */ = {
			isa = PBXNativeTarget;
			buildConfigurationList = 015BF9AE2B8905E30012C4D9 /* Build configuration list for PBXNativeTarget "SnapCanvasUITests" */;
			buildPhases = (
				015BF99A2B8905E30012C4D9 /* Sources */,
				015BF99B2B8905E30012C4D9 /* Frameworks */,
				015BF99C2B8905E30012C4D9 /* Resources */,
			);
			buildRules = (
			);
			dependencies = (
				015BF9A02B8905E30012C4D9 /* PBXTargetDependency */,
			);
			name = SnapCanvasUITests;
			productName = SnapCanvasUITests;
			productReference = 015BF99E2B8905E30012C4D9 /* SnapCanvasUITests.xctest */;
			productType = "com.apple.product-type.bundle.ui-testing";
		};
/* End PBXNativeTarget section */

/* Begin PBXProject section */
		015BF97C2B8905DB0012C4D9 /* Project object */ = {
			isa = PBXProject;
			attributes = {
				BuildIndependentTargetsInParallel = 1;
				LastSwiftUpdateCheck = 1520;
				LastUpgradeCheck = 1520;
				TargetAttributes = {
					015BF9832B8905DB0012C4D9 = {
						CreatedOnToolsVersion = 15.2;
					};
					015BF9932B8905E30012C4D9 = {
						CreatedOnToolsVersion = 15.2;
						TestTargetID = 015BF9832B8905DB0012C4D9;
					};
					015BF99D2B8905E30012C4D9 = {
						CreatedOnToolsVersion = 15.2;
						TestTargetID = 015BF9832B8905DB0012C4D9;
					};
				};
			};
			buildConfigurationList = 015BF97F2B8905DB0012C4D9 /* Build configuration list for PBXProject "SnapCanvas" */;
			compatibilityVersion = "Xcode 14.0";
			developmentRegion = en;
			hasScannedForEncodings = 0;
			knownRegions = (
				en,
				Base,
			);
			mainGroup = 015BF97B2B8905DB0012C4D9;
			packageReferences = (
			);
			productRefGroup = 015BF9852B8905DB0012C4D9 /* Products */;
			projectDirPath = "";
			projectRoot = "";
			targets = (
				015BF9832B8905DB0012C4D9 /* SnapCanvas */,
				015BF9932B8905E30012C4D9 /* SnapCanvasTests */,
				015BF99D2B8905E30012C4D9 /* SnapCanvasUITests */,
			);
		};
/* End PBXProject section */

/* Begin PBXResourcesBuildPhase section */
		015BF9822B8905DB0012C4D9 /* Resources */ = {
			isa = PBXResourcesBuildPhase;
			buildActionMask = 2147483647;
			files = (
				015BF98F2B8905E00012C4D9 /* Preview Assets.xcassets in Resources */,
				01A726932B8B669C0079C197 /* spm-modules in Resources */,
				015BF98C2B8905E00012C4D9 /* Assets.xcassets in Resources */,
			);
			runOnlyForDeploymentPostprocessing = 0;
		};
		015BF9922B8905E30012C4D9 /* Resources */ = {
			isa = PBXResourcesBuildPhase;
			buildActionMask = 2147483647;
			files = (
			);
			runOnlyForDeploymentPostprocessing = 0;
		};
		015BF99C2B8905E30012C4D9 /* Resources */ = {
			isa = PBXResourcesBuildPhase;
			buildActionMask = 2147483647;
			files = (
			);
			runOnlyForDeploymentPostprocessing = 0;
		};
/* End PBXResourcesBuildPhase section */

/* Begin PBXSourcesBuildPhase section */
		015BF9802B8905DB0012C4D9 /* Sources */ = {
			isa = PBXSourcesBuildPhase;
			buildActionMask = 2147483647;
			files = (
				01EF485A2B8FE2E90046F498 /* CanvasView.swift in Sources */,
				015C4D632B8B61CF002D306B /* OverlayModel.swift in Sources */,
				015BF98A2B8905DB0012C4D9 /* ContentView.swift in Sources */,
				01A769972B8E1A1400D8EE48 /* ScrollingCanvasView.swift in Sources */,
				015C4D412B8A2929002D306B /* BottomSheetView.swift in Sources */,
				01A726A62B8B819E0079C197 /* OverlaysViewModel.swift in Sources */,
				01A7269D2B8B778D0079C197 /* OverlayCollectionViewController.swift in Sources */,
				015C4D3F2B8A1D20002D306B /* BottomSheetViewModel.swift in Sources */,
				01A7269F2B8B78B50079C197 /* OverlayCollectionViewDatasource.swift in Sources */,
				015C4D662B8B6220002D306B /* OverlayServiceRouter.swift in Sources */,
				01A769912B8BB3B900D8EE48 /* NetworkLogger.swift in Sources */,
				015C4D5E2B8B5EA4002D306B /* OverlayServiceProtocol.swift in Sources */,
				01A769932B8BEC5200D8EE48 /* ImagesToAddModel.swift in Sources */,
				015C4D682B8B63C8002D306B /* OverlayDataProvider.swift in Sources */,
				01A726A42B8B7BBA0079C197 /* OverlayCell.swift in Sources */,
				01A769992B8F414400D8EE48 /* CustomImageView.swift in Sources */,
				015BF9882B8905DB0012C4D9 /* SnapCanvasApp.swift in Sources */,
				015BF9B22B8911230012C4D9 /* CanvasViewModel.swift in Sources */,
			);
			runOnlyForDeploymentPostprocessing = 0;
		};
		015BF9902B8905E30012C4D9 /* Sources */ = {
			isa = PBXSourcesBuildPhase;
			buildActionMask = 2147483647;
			files = (
				015BF9992B8905E30012C4D9 /* SnapCanvasTests.swift in Sources */,
			);
			runOnlyForDeploymentPostprocessing = 0;
		};
		015BF99A2B8905E30012C4D9 /* Sources */ = {
			isa = PBXSourcesBuildPhase;
			buildActionMask = 2147483647;
			files = (
				015C4D3B2B89FF54002D306B /* Extension.swift in Sources */,
				015BF9A52B8905E30012C4D9 /* SnapCanvasUITestsLaunchTests.swift in Sources */,
				015BF9A32B8905E30012C4D9 /* SnapCanvasUITests.swift in Sources */,
			);
			runOnlyForDeploymentPostprocessing = 0;
		};
/* End PBXSourcesBuildPhase section */

/* Begin PBXTargetDependency section */
		015BF9962B8905E30012C4D9 /* PBXTargetDependency */ = {
			isa = PBXTargetDependency;
			target = 015BF9832B8905DB0012C4D9 /* SnapCanvas */;
			targetProxy = 015BF9952B8905E30012C4D9 /* PBXContainerItemProxy */;
		};
		015BF9A02B8905E30012C4D9 /* PBXTargetDependency */ = {
			isa = PBXTargetDependency;
			target = 015BF9832B8905DB0012C4D9 /* SnapCanvas */;
			targetProxy = 015BF99F2B8905E30012C4D9 /* PBXContainerItemProxy */;
		};
/* End PBXTargetDependency section */

/* Begin XCBuildConfiguration section */
		015BF9A62B8905E30012C4D9 /* Debug */ = {
			isa = XCBuildConfiguration;
			buildSettings = {
				ALWAYS_SEARCH_USER_PATHS = NO;
				ASSETCATALOG_COMPILER_GENERATE_SWIFT_ASSET_SYMBOL_EXTENSIONS = YES;
				CLANG_ANALYZER_NONNULL = YES;
				CLANG_ANALYZER_NUMBER_OBJECT_CONVERSION = YES_AGGRESSIVE;
				CLANG_CXX_LANGUAGE_STANDARD = "gnu++20";
				CLANG_ENABLE_MODULES = YES;
				CLANG_ENABLE_OBJC_ARC = YES;
				CLANG_ENABLE_OBJC_WEAK = YES;
				CLANG_WARN_BLOCK_CAPTURE_AUTORELEASING = YES;
				CLANG_WARN_BOOL_CONVERSION = YES;
				CLANG_WARN_COMMA = YES;
				CLANG_WARN_CONSTANT_CONVERSION = YES;
				CLANG_WARN_DEPRECATED_OBJC_IMPLEMENTATIONS = YES;
				CLANG_WARN_DIRECT_OBJC_ISA_USAGE = YES_ERROR;
				CLANG_WARN_DOCUMENTATION_COMMENTS = YES;
				CLANG_WARN_EMPTY_BODY = YES;
				CLANG_WARN_ENUM_CONVERSION = YES;
				CLANG_WARN_INFINITE_RECURSION = YES;
				CLANG_WARN_INT_CONVERSION = YES;
				CLANG_WARN_NON_LITERAL_NULL_CONVERSION = YES;
				CLANG_WARN_OBJC_IMPLICIT_RETAIN_SELF = YES;
				CLANG_WARN_OBJC_LITERAL_CONVERSION = YES;
				CLANG_WARN_OBJC_ROOT_CLASS = YES_ERROR;
				CLANG_WARN_QUOTED_INCLUDE_IN_FRAMEWORK_HEADER = YES;
				CLANG_WARN_RANGE_LOOP_ANALYSIS = YES;
				CLANG_WARN_STRICT_PROTOTYPES = YES;
				CLANG_WARN_SUSPICIOUS_MOVE = YES;
				CLANG_WARN_UNGUARDED_AVAILABILITY = YES_AGGRESSIVE;
				CLANG_WARN_UNREACHABLE_CODE = YES;
				CLANG_WARN__DUPLICATE_METHOD_MATCH = YES;
				COPY_PHASE_STRIP = NO;
				DEBUG_INFORMATION_FORMAT = dwarf;
				ENABLE_STRICT_OBJC_MSGSEND = YES;
				ENABLE_TESTABILITY = YES;
				ENABLE_USER_SCRIPT_SANDBOXING = YES;
				GCC_C_LANGUAGE_STANDARD = gnu17;
				GCC_DYNAMIC_NO_PIC = NO;
				GCC_NO_COMMON_BLOCKS = YES;
				GCC_OPTIMIZATION_LEVEL = 0;
				GCC_PREPROCESSOR_DEFINITIONS = (
					"DEBUG=1",
					"$(inherited)",
				);
				GCC_WARN_64_TO_32_BIT_CONVERSION = YES;
				GCC_WARN_ABOUT_RETURN_TYPE = YES_ERROR;
				GCC_WARN_UNDECLARED_SELECTOR = YES;
				GCC_WARN_UNINITIALIZED_AUTOS = YES_AGGRESSIVE;
				GCC_WARN_UNUSED_FUNCTION = YES;
				GCC_WARN_UNUSED_VARIABLE = YES;
				IPHONEOS_DEPLOYMENT_TARGET = 17.2;
				LOCALIZATION_PREFERS_STRING_CATALOGS = YES;
				MTL_ENABLE_DEBUG_INFO = INCLUDE_SOURCE;
				MTL_FAST_MATH = YES;
				ONLY_ACTIVE_ARCH = YES;
				SDKROOT = iphoneos;
				SWIFT_ACTIVE_COMPILATION_CONDITIONS = "DEBUG $(inherited)";
				SWIFT_OPTIMIZATION_LEVEL = "-Onone";
			};
			name = Debug;
		};
		015BF9A72B8905E30012C4D9 /* Release */ = {
			isa = XCBuildConfiguration;
			buildSettings = {
				ALWAYS_SEARCH_USER_PATHS = NO;
				ASSETCATALOG_COMPILER_GENERATE_SWIFT_ASSET_SYMBOL_EXTENSIONS = YES;
				CLANG_ANALYZER_NONNULL = YES;
				CLANG_ANALYZER_NUMBER_OBJECT_CONVERSION = YES_AGGRESSIVE;
				CLANG_CXX_LANGUAGE_STANDARD = "gnu++20";
				CLANG_ENABLE_MODULES = YES;
				CLANG_ENABLE_OBJC_ARC = YES;
				CLANG_ENABLE_OBJC_WEAK = YES;
				CLANG_WARN_BLOCK_CAPTURE_AUTORELEASING = YES;
				CLANG_WARN_BOOL_CONVERSION = YES;
				CLANG_WARN_COMMA = YES;
				CLANG_WARN_CONSTANT_CONVERSION = YES;
				CLANG_WARN_DEPRECATED_OBJC_IMPLEMENTATIONS = YES;
				CLANG_WARN_DIRECT_OBJC_ISA_USAGE = YES_ERROR;
				CLANG_WARN_DOCUMENTATION_COMMENTS = YES;
				CLANG_WARN_EMPTY_BODY = YES;
				CLANG_WARN_ENUM_CONVERSION = YES;
				CLANG_WARN_INFINITE_RECURSION = YES;
				CLANG_WARN_INT_CONVERSION = YES;
				CLANG_WARN_NON_LITERAL_NULL_CONVERSION = YES;
				CLANG_WARN_OBJC_IMPLICIT_RETAIN_SELF = YES;
				CLANG_WARN_OBJC_LITERAL_CONVERSION = YES;
				CLANG_WARN_OBJC_ROOT_CLASS = YES_ERROR;
				CLANG_WARN_QUOTED_INCLUDE_IN_FRAMEWORK_HEADER = YES;
				CLANG_WARN_RANGE_LOOP_ANALYSIS = YES;
				CLANG_WARN_STRICT_PROTOTYPES = YES;
				CLANG_WARN_SUSPICIOUS_MOVE = YES;
				CLANG_WARN_UNGUARDED_AVAILABILITY = YES_AGGRESSIVE;
				CLANG_WARN_UNREACHABLE_CODE = YES;
				CLANG_WARN__DUPLICATE_METHOD_MATCH = YES;
				COPY_PHASE_STRIP = NO;
				DEBUG_INFORMATION_FORMAT = "dwarf-with-dsym";
				ENABLE_NS_ASSERTIONS = NO;
				ENABLE_STRICT_OBJC_MSGSEND = YES;
				ENABLE_USER_SCRIPT_SANDBOXING = YES;
				GCC_C_LANGUAGE_STANDARD = gnu17;
				GCC_NO_COMMON_BLOCKS = YES;
				GCC_WARN_64_TO_32_BIT_CONVERSION = YES;
				GCC_WARN_ABOUT_RETURN_TYPE = YES_ERROR;
				GCC_WARN_UNDECLARED_SELECTOR = YES;
				GCC_WARN_UNINITIALIZED_AUTOS = YES_AGGRESSIVE;
				GCC_WARN_UNUSED_FUNCTION = YES;
				GCC_WARN_UNUSED_VARIABLE = YES;
				IPHONEOS_DEPLOYMENT_TARGET = 17.2;
				LOCALIZATION_PREFERS_STRING_CATALOGS = YES;
				MTL_ENABLE_DEBUG_INFO = NO;
				MTL_FAST_MATH = YES;
				SDKROOT = iphoneos;
				SWIFT_COMPILATION_MODE = wholemodule;
				VALIDATE_PRODUCT = YES;
			};
			name = Release;
		};
		015BF9A92B8905E30012C4D9 /* Debug */ = {
			isa = XCBuildConfiguration;
			buildSettings = {
				ASSETCATALOG_COMPILER_APPICON_NAME = AppIcon;
				ASSETCATALOG_COMPILER_GLOBAL_ACCENT_COLOR_NAME = AccentColor;
				CODE_SIGN_STYLE = Automatic;
				CURRENT_PROJECT_VERSION = 1;
				DEVELOPMENT_ASSET_PATHS = "\"SnapCanvas/Preview Content\"";
				DEVELOPMENT_TEAM = A7NNQBFKXU;
				ENABLE_PREVIEWS = YES;
				GENERATE_INFOPLIST_FILE = YES;
				INFOPLIST_KEY_UIApplicationSceneManifest_Generation = YES;
				INFOPLIST_KEY_UIApplicationSupportsIndirectInputEvents = YES;
				INFOPLIST_KEY_UILaunchScreen_Generation = YES;
				INFOPLIST_KEY_UISupportedInterfaceOrientations_iPad = "UIInterfaceOrientationPortrait UIInterfaceOrientationPortraitUpsideDown UIInterfaceOrientationLandscapeLeft UIInterfaceOrientationLandscapeRight";
				INFOPLIST_KEY_UISupportedInterfaceOrientations_iPhone = "UIInterfaceOrientationPortrait UIInterfaceOrientationLandscapeLeft UIInterfaceOrientationLandscapeRight";
				LD_RUNPATH_SEARCH_PATHS = (
					"$(inherited)",
					"@executable_path/Frameworks",
				);
				MARKETING_VERSION = 1.0;
				PRODUCT_BUNDLE_IDENTIFIER = se.SnapCanvas;
				PRODUCT_NAME = "$(TARGET_NAME)";
				SWIFT_EMIT_LOC_STRINGS = YES;
				SWIFT_VERSION = 5.0;
				TARGETED_DEVICE_FAMILY = "1,2";
			};
			name = Debug;
		};
		015BF9AA2B8905E30012C4D9 /* Release */ = {
			isa = XCBuildConfiguration;
			buildSettings = {
				ASSETCATALOG_COMPILER_APPICON_NAME = AppIcon;
				ASSETCATALOG_COMPILER_GLOBAL_ACCENT_COLOR_NAME = AccentColor;
				CODE_SIGN_STYLE = Automatic;
				CURRENT_PROJECT_VERSION = 1;
				DEVELOPMENT_ASSET_PATHS = "\"SnapCanvas/Preview Content\"";
				DEVELOPMENT_TEAM = A7NNQBFKXU;
				ENABLE_PREVIEWS = YES;
				GENERATE_INFOPLIST_FILE = YES;
				INFOPLIST_KEY_UIApplicationSceneManifest_Generation = YES;
				INFOPLIST_KEY_UIApplicationSupportsIndirectInputEvents = YES;
				INFOPLIST_KEY_UILaunchScreen_Generation = YES;
				INFOPLIST_KEY_UISupportedInterfaceOrientations_iPad = "UIInterfaceOrientationPortrait UIInterfaceOrientationPortraitUpsideDown UIInterfaceOrientationLandscapeLeft UIInterfaceOrientationLandscapeRight";
				INFOPLIST_KEY_UISupportedInterfaceOrientations_iPhone = "UIInterfaceOrientationPortrait UIInterfaceOrientationLandscapeLeft UIInterfaceOrientationLandscapeRight";
				LD_RUNPATH_SEARCH_PATHS = (
					"$(inherited)",
					"@executable_path/Frameworks",
				);
				MARKETING_VERSION = 1.0;
				PRODUCT_BUNDLE_IDENTIFIER = se.SnapCanvas;
				PRODUCT_NAME = "$(TARGET_NAME)";
				SWIFT_EMIT_LOC_STRINGS = YES;
				SWIFT_VERSION = 5.0;
				TARGETED_DEVICE_FAMILY = "1,2";
			};
			name = Release;
		};
		015BF9AC2B8905E30012C4D9 /* Debug */ = {
			isa = XCBuildConfiguration;
			buildSettings = {
				ALWAYS_EMBED_SWIFT_STANDARD_LIBRARIES = YES;
				BUNDLE_LOADER = "$(TEST_HOST)";
				CODE_SIGN_STYLE = Automatic;
				CURRENT_PROJECT_VERSION = 1;
				DEVELOPMENT_TEAM = A7NNQBFKXU;
				GENERATE_INFOPLIST_FILE = YES;
				IPHONEOS_DEPLOYMENT_TARGET = 17.2;
				MARKETING_VERSION = 1.0;
				PRODUCT_BUNDLE_IDENTIFIER = se.SnapCanvasTests;
				PRODUCT_NAME = "$(TARGET_NAME)";
				SWIFT_EMIT_LOC_STRINGS = NO;
				SWIFT_VERSION = 5.0;
				TARGETED_DEVICE_FAMILY = "1,2";
				TEST_HOST = "$(BUILT_PRODUCTS_DIR)/SnapCanvas.app/$(BUNDLE_EXECUTABLE_FOLDER_PATH)/SnapCanvas";
			};
			name = Debug;
		};
		015BF9AD2B8905E30012C4D9 /* Release */ = {
			isa = XCBuildConfiguration;
			buildSettings = {
				ALWAYS_EMBED_SWIFT_STANDARD_LIBRARIES = YES;
				BUNDLE_LOADER = "$(TEST_HOST)";
				CODE_SIGN_STYLE = Automatic;
				CURRENT_PROJECT_VERSION = 1;
				DEVELOPMENT_TEAM = A7NNQBFKXU;
				GENERATE_INFOPLIST_FILE = YES;
				IPHONEOS_DEPLOYMENT_TARGET = 17.2;
				MARKETING_VERSION = 1.0;
				PRODUCT_BUNDLE_IDENTIFIER = se.SnapCanvasTests;
				PRODUCT_NAME = "$(TARGET_NAME)";
				SWIFT_EMIT_LOC_STRINGS = NO;
				SWIFT_VERSION = 5.0;
				TARGETED_DEVICE_FAMILY = "1,2";
				TEST_HOST = "$(BUILT_PRODUCTS_DIR)/SnapCanvas.app/$(BUNDLE_EXECUTABLE_FOLDER_PATH)/SnapCanvas";
			};
			name = Release;
		};
		015BF9AF2B8905E30012C4D9 /* Debug */ = {
			isa = XCBuildConfiguration;
			buildSettings = {
				ALWAYS_EMBED_SWIFT_STANDARD_LIBRARIES = YES;
				CODE_SIGN_STYLE = Automatic;
				CURRENT_PROJECT_VERSION = 1;
				DEVELOPMENT_TEAM = A7NNQBFKXU;
				GENERATE_INFOPLIST_FILE = YES;
				MARKETING_VERSION = 1.0;
				PRODUCT_BUNDLE_IDENTIFIER = se.SnapCanvasUITests;
				PRODUCT_NAME = "$(TARGET_NAME)";
				SWIFT_EMIT_LOC_STRINGS = NO;
				SWIFT_VERSION = 5.0;
				TARGETED_DEVICE_FAMILY = "1,2";
				TEST_TARGET_NAME = SnapCanvas;
			};
			name = Debug;
		};
		015BF9B02B8905E30012C4D9 /* Release */ = {
			isa = XCBuildConfiguration;
			buildSettings = {
				ALWAYS_EMBED_SWIFT_STANDARD_LIBRARIES = YES;
				CODE_SIGN_STYLE = Automatic;
				CURRENT_PROJECT_VERSION = 1;
				DEVELOPMENT_TEAM = A7NNQBFKXU;
				GENERATE_INFOPLIST_FILE = YES;
				MARKETING_VERSION = 1.0;
				PRODUCT_BUNDLE_IDENTIFIER = se.SnapCanvasUITests;
				PRODUCT_NAME = "$(TARGET_NAME)";
				SWIFT_EMIT_LOC_STRINGS = NO;
				SWIFT_VERSION = 5.0;
				TARGETED_DEVICE_FAMILY = "1,2";
				TEST_TARGET_NAME = SnapCanvas;
			};
			name = Release;
		};
/* End XCBuildConfiguration section */

/* Begin XCConfigurationList section */
		015BF97F2B8905DB0012C4D9 /* Build configuration list for PBXProject "SnapCanvas" */ = {
			isa = XCConfigurationList;
			buildConfigurations = (
				015BF9A62B8905E30012C4D9 /* Debug */,
				015BF9A72B8905E30012C4D9 /* Release */,
			);
			defaultConfigurationIsVisible = 0;
			defaultConfigurationName = Release;
		};
		015BF9A82B8905E30012C4D9 /* Build configuration list for PBXNativeTarget "SnapCanvas" */ = {
			isa = XCConfigurationList;
			buildConfigurations = (
				015BF9A92B8905E30012C4D9 /* Debug */,
				015BF9AA2B8905E30012C4D9 /* Release */,
			);
			defaultConfigurationIsVisible = 0;
			defaultConfigurationName = Release;
		};
		015BF9AB2B8905E30012C4D9 /* Build configuration list for PBXNativeTarget "SnapCanvasTests" */ = {
			isa = XCConfigurationList;
			buildConfigurations = (
				015BF9AC2B8905E30012C4D9 /* Debug */,
				015BF9AD2B8905E30012C4D9 /* Release */,
			);
			defaultConfigurationIsVisible = 0;
			defaultConfigurationName = Release;
		};
		015BF9AE2B8905E30012C4D9 /* Build configuration list for PBXNativeTarget "SnapCanvasUITests" */ = {
			isa = XCConfigurationList;
			buildConfigurations = (
				015BF9AF2B8905E30012C4D9 /* Debug */,
				015BF9B02B8905E30012C4D9 /* Release */,
			);
			defaultConfigurationIsVisible = 0;
			defaultConfigurationName = Release;
		};
/* End XCConfigurationList section */

/* Begin XCSwiftPackageProductDependency section */
		015C4D592B8B5596002D306B /* Networking */ = {
			isa = XCSwiftPackageProductDependency;
			productName = Networking;
		};
		015C4D5B2B8B5596002D306B /* NetworkingInterface */ = {
			isa = XCSwiftPackageProductDependency;
			productName = NetworkingInterface;
		};
		01A726AA2B8BB1370079C197 /* SwiftUIComponents */ = {
			isa = XCSwiftPackageProductDependency;
			productName = SwiftUIComponents;
		};
/* End XCSwiftPackageProductDependency section */
	};
	rootObject = 015BF97C2B8905DB0012C4D9 /* Project object */;
}
